
Microsoft Visual Studio Solution File, Format Version 12.00
# Visual Studio Version 17
VisualStudioVersion = 17.2.32630.192
MinimumVisualStudioVersion = 10.0.40219.1
Project("{9A19103F-16F7-4668-BE54-9A1E7A4F7556}") = "Strategy", "Head First. Examples\Strategy.csproj", "{D270A70B-5E63-4EB0-9405-B5A65080E5CC}"
EndProject
Project("{9A19103F-16F7-4668-BE54-9A1E7A4F7556}") = "Observer", "Observer\Observer.csproj", "{3216EFAC-0AE1-4784-B280-9894AB03E242}"
EndProject
Project("{9A19103F-16F7-4668-BE54-9A1E7A4F7556}") = "Decorator", "Decorator\Decorator.csproj", "{49D86840-BD24-4BB9-A97A-0999C5B22CEA}"
EndProject
Project("{9A19103F-16F7-4668-BE54-9A1E7A4F7556}") = "Fabric", "Fabric\Fabric.csproj", "{DB0D543B-F3A4-4236-A666-9EF7911510D0}"
EndProject
Project("{FAE04EC0-301F-11D3-BF4B-00C04F79EFBC}") = "testfeture2", "testfeture2\testfeture2.csproj", "{B7989B55-E1A5-49FF-B8DD-8F6B3AA54D08}"
EndProject
Global
	GlobalSection(SolutionConfigurationPlatforms) = preSolution
		Debug|Any CPU = Debug|Any CPU
		Release|Any CPU = Release|Any CPU
	EndGlobalSection
	GlobalSection(ProjectConfigurationPlatforms) = postSolution
		{D270A70B-5E63-4EB0-9405-B5A65080E5CC}.Debug|Any CPU.ActiveCfg = Debug|Any CPU
		{D270A70B-5E63-4EB0-9405-B5A65080E5CC}.Debug|Any CPU.Build.0 = Debug|Any CPU
		{D270A70B-5E63-4EB0-9405-B5A65080E5CC}.Release|Any CPU.ActiveCfg = Release|Any CPU
		{D270A70B-5E63-4EB0-9405-B5A65080E5CC}.Release|Any CPU.Build.0 = Release|Any CPU
		{3216EFAC-0AE1-4784-B280-9894AB03E242}.Debug|Any CPU.ActiveCfg = Debug|Any CPU
		{3216EFAC-0AE1-4784-B280-9894AB03E242}.Debug|Any CPU.Build.0 = Debug|Any CPU
		{3216EFAC-0AE1-4784-B280-9894AB03E242}.Release|Any CPU.ActiveCfg = Release|Any CPU
		{3216EFAC-0AE1-4784-B280-9894AB03E242}.Release|Any CPU.Build.0 = Release|Any CPU
		{49D86840-BD24-4BB9-A97A-0999C5B22CEA}.Debug|Any CPU.ActiveCfg = Debug|Any CPU
		{49D86840-BD24-4BB9-A97A-0999C5B22CEA}.Debug|Any CPU.Build.0 = Debug|Any CPU
		{49D86840-BD24-4BB9-A97A-0999C5B22CEA}.Release|Any CPU.ActiveCfg = Release|Any CPU
		{49D86840-BD24-4BB9-A97A-0999C5B22CEA}.Release|Any CPU.Build.0 = Release|Any CPU
		{DB0D543B-F3A4-4236-A666-9EF7911510D0}.Debug|Any CPU.ActiveCfg = Debug|Any CPU
		{DB0D543B-F3A4-4236-A666-9EF7911510D0}.Debug|Any CPU.Build.0 = Debug|Any CPU
		{DB0D543B-F3A4-4236-A666-9EF7911510D0}.Release|Any CPU.ActiveCfg = Release|Any CPU
		{DB0D543B-F3A4-4236-A666-9EF7911510D0}.Release|Any CPU.Build.0 = Release|Any CPU
		{B7989B55-E1A5-49FF-B8DD-8F6B3AA54D08}.Debug|Any CPU.ActiveCfg = Debug|Any CPU
		{B7989B55-E1A5-49FF-B8DD-8F6B3AA54D08}.Debug|Any CPU.Build.0 = Debug|Any CPU
		{B7989B55-E1A5-49FF-B8DD-8F6B3AA54D08}.Release|Any CPU.ActiveCfg = Release|Any CPU
		{B7989B55-E1A5-49FF-B8DD-8F6B3AA54D08}.Release|Any CPU.Build.0 = Release|Any CPU
	EndGlobalSection
	GlobalSection(SolutionProperties) = preSolution
		HideSolutionNode = FALSE
	EndGlobalSection
	GlobalSection(ExtensibilityGlobals) = postSolution
		SolutionGuid = {161B0684-899C-42B8-B56D-87E1F4A41866}
	EndGlobalSection
EndGlobal
